
Microsoft Visual Studio Solution File, Format Version 12.00
# Visual Studio Version 16
VisualStudioVersion = 16.0.29230.47
MinimumVisualStudioVersion = 10.0.40219.1
Project("{9A19103F-16F7-4668-BE54-9A1E7A4F7556}") = "RazorViewToString", "RazorViewToString\RazorViewToString.csproj", "{9BAE2D63-0517-4C30-B8F6-3478EA88C8BE}"
EndProject
Project("{FAE04EC0-301F-11D3-BF4B-00C04F79EFBC}") = "RazorViewToString.InNonWeb", "RazorViewToString.InNonWeb\RazorViewToString.InNonWeb.csproj", "{D6C6035D-D11C-4F2C-A0DB-FD473CDFCA76}"
EndProject
Project("{FAE04EC0-301F-11D3-BF4B-00C04F79EFBC}") = "RazorViewToString.InWeb", "RazorViewToString.InWeb\RazorViewToString.InWeb.csproj", "{2D7553B1-A806-4133-85B8-EE9FFBD57AEA}"
EndProject
Global
	GlobalSection(SolutionConfigurationPlatforms) = preSolution
		Debug|Any CPU = Debug|Any CPU
		Release|Any CPU = Release|Any CPU
	EndGlobalSection
	GlobalSection(ProjectConfigurationPlatforms) = postSolution
		{9BAE2D63-0517-4C30-B8F6-3478EA88C8BE}.Debug|Any CPU.ActiveCfg = Debug|Any CPU
		{9BAE2D63-0517-4C30-B8F6-3478EA88C8BE}.Debug|Any CPU.Build.0 = Debug|Any CPU
		{9BAE2D63-0517-4C30-B8F6-3478EA88C8BE}.Release|Any CPU.ActiveCfg = Release|Any CPU
		{9BAE2D63-0517-4C30-B8F6-3478EA88C8BE}.Release|Any CPU.Build.0 = Release|Any CPU
		{D6C6035D-D11C-4F2C-A0DB-FD473CDFCA76}.Debug|Any CPU.ActiveCfg = Debug|Any CPU
		{D6C6035D-D11C-4F2C-A0DB-FD473CDFCA76}.Debug|Any CPU.Build.0 = Debug|Any CPU
		{D6C6035D-D11C-4F2C-A0DB-FD473CDFCA76}.Release|Any CPU.ActiveCfg = Release|Any CPU
		{D6C6035D-D11C-4F2C-A0DB-FD473CDFCA76}.Release|Any CPU.Build.0 = Release|Any CPU
		{2D7553B1-A806-4133-85B8-EE9FFBD57AEA}.Debug|Any CPU.ActiveCfg = Debug|Any CPU
		{2D7553B1-A806-4133-85B8-EE9FFBD57AEA}.Debug|Any CPU.Build.0 = Debug|Any CPU
		{2D7553B1-A806-4133-85B8-EE9FFBD57AEA}.Release|Any CPU.ActiveCfg = Release|Any CPU
		{2D7553B1-A806-4133-85B8-EE9FFBD57AEA}.Release|Any CPU.Build.0 = Release|Any CPU
	EndGlobalSection
	GlobalSection(SolutionProperties) = preSolution
		HideSolutionNode = FALSE
	EndGlobalSection
	GlobalSection(ExtensibilityGlobals) = postSolution
		SolutionGuid = {735A1F70-7987-46AE-84D1-0E4A44A3A668}
	EndGlobalSection
EndGlobal
